{
	"name": "guilded.js",
	"version": "0.0.1-dev",
	"lockfileVersion": 2,
	"requires": true,
	"packages": {
		"": {
			"version": "0.0.1-dev",
			"license": "MIT",
			"dependencies": {
				"@discordjs/collection": "^0.1.6"
			},
			"devDependencies": {
				"@types/node": "^14.14.9",
				"typescript": "^4.4.2"
			}
		},
		"node_modules/@discordjs/collection": {
			"version": "0.1.6",
			"resolved": "https://registry.npmjs.org/@discordjs/collection/-/collection-0.1.6.tgz",
			"integrity": "sha512-utRNxnd9kSS2qhyivo9lMlt5qgAUasH2gb7BEOn6p0efFh24gjGomHzWKMAPn2hEReOPQZCJaRKoURwRotKucQ=="
		},
		"node_modules/@types/node": {
			"version": "14.17.14",
			"resolved": "https://registry.npmjs.org/@types/node/-/node-14.17.14.tgz",
			"integrity": "sha512-rsAj2u8Xkqfc332iXV12SqIsjVi07H479bOP4q94NAcjzmAvapumEhuVIt53koEf7JFrpjgNKjBga5Pnn/GL8A==",
			"dev": true
		},
		"node_modules/typescript": {
			"version": "4.4.2",
			"resolved": "https://registry.npmjs.org/typescript/-/typescript-4.4.2.tgz",
			"integrity": "sha512-gzP+t5W4hdy4c+68bfcv0t400HVJMMd2+H9B7gae1nQlBzCqvrXX+6GL/b3GAgyTH966pzrZ70/fRjwAtZksSQ==",
			"dev": true,
			"bin": {
				"tsc": "bin/tsc",
				"tsserver": "bin/tsserver"
			},
			"engines": {
				"node": ">=4.2.0"
			}
		}
	},
	"dependencies": {
		"@discordjs/collection": {
			"version": "0.1.6",
			"resolved": "https://registry.npmjs.org/@discordjs/collection/-/collection-0.1.6.tgz",
			"integrity": "sha512-utRNxnd9kSS2qhyivo9lMlt5qgAUasH2gb7BEOn6p0efFh24gjGomHzWKMAPn2hEReOPQZCJaRKoURwRotKucQ=="
		},
		"@types/node": {
			"version": "14.17.14",
			"resolved": "https://registry.npmjs.org/@types/node/-/node-14.17.14.tgz",
			"integrity": "sha512-rsAj2u8Xkqfc332iXV12SqIsjVi07H479bOP4q94NAcjzmAvapumEhuVIt53koEf7JFrpjgNKjBga5Pnn/GL8A==",
			"dev": true
		},
		"typescript": {
			"version": "4.4.2",
			"resolved": "https://registry.npmjs.org/typescript/-/typescript-4.4.2.tgz",
			"integrity": "sha512-gzP+t5W4hdy4c+68bfcv0t400HVJMMd2+H9B7gae1nQlBzCqvrXX+6GL/b3GAgyTH966pzrZ70/fRjwAtZksSQ==",
			"dev": true
		}
	}
}
